<?xml version="1.0" encoding="utf-8"?>
<Project ToolsVersion="4.0" xmlns="http://schemas.microsoft.com/developer/msbuild/2003">
  <ItemGroup>
    <Filter Include="Source Files">
      <UniqueIdentifier>{4FC737F1-C7A5-4376-A066-2A32D752A2FF}</UniqueIdentifier>
      <Extensions>cpp;c;cc;cxx;def;odl;idl;hpj;bat;asm;asmx</Extensions>
    </Filter>
    <Filter Include="Header Files">
      <UniqueIdentifier>{93995380-89BD-4b04-88EB-625FBE52EBFB}</UniqueIdentifier>
      <Extensions>h;hh;hpp;hxx;hm;inl;inc;xsd</Extensions>
    </Filter>
    <Filter Include="Resource Files">
      <UniqueIdentifier>{67DA6AB6-F800-4c08-8B7A-83BB121AAD01}</UniqueIdentifier>
      <Extensions>rc;ico;cur;bmp;dlg;rc2;rct;bin;rgs;gif;jpg;jpeg;jpe;resx;tiff;tif;png;wav</Extensions>
    </Filter>
    <Filter Include="Source Files\Noob">
      <UniqueIdentifier>{77573859-2fcd-4f45-afbd-060a26c0f050}</UniqueIdentifier>
    </Filter>
    <Filter Include="Header Files\Noob">
      <UniqueIdentifier>{a68ace01-f39c-4eab-ad82-e9a5d6216e6b}</UniqueIdentifier>
    </Filter>
    <Filter Include="Header Files\Pyrrhic">
      <UniqueIdentifier>{0cff4142-0e04-4454-a4f1-2ee940927501}</UniqueIdentifier>
    </Filter>
    <Filter Include="Source Files\Pyrrhic">
      <UniqueIdentifier>{922622c9-8ee8-4c4b-92d4-17f48a86daad}</UniqueIdentifier>
    </Filter>
    <Filter Include="Source Files\Query">
      <UniqueIdentifier>{a2b2ba45-15fc-4e10-bc2d-8da9c8203815}</UniqueIdentifier>
    </Filter>
    <Filter Include="Header Files\Query">
      <UniqueIdentifier>{7e125797-3b3b-49aa-90af-c785035274fd}</UniqueIdentifier>
    </Filter>
    <Filter Include="Header Files\Syzygy">
      <UniqueIdentifier>{b2a761ac-6790-4358-86da-03328666ab17}</UniqueIdentifier>
    </Filter>
    <Filter Include="Source Files\Syzygy">
      <UniqueIdentifier>{b9b708b5-1682-4ff8-b755-348a29244447}</UniqueIdentifier>
    </Filter>
  </ItemGroup>
  <ItemGroup>
    <ClCompile Include="..\src\bitboard.cpp">
      <Filter>Source Files</Filter>
    </ClCompile>
    <ClCompile Include="..\src\board.cpp">
      <Filter>Source Files</Filter>
    </ClCompile>
    <ClCompile Include="..\src\endgame.cpp">
      <Filter>Source Files</Filter>
    </ClCompile>
    <ClCompile Include="..\src\evaluate.cpp">
      <Filter>Source Files</Filter>
    </ClCompile>
    <ClCompile Include="..\src\makemove.cpp">
      <Filter>Source Files</Filter>
    </ClCompile>
    <ClCompile Include="..\src\move.cpp">
      <Filter>Source Files</Filter>
    </ClCompile>
    <ClCompile Include="..\src\movegen.cpp">
      <Filter>Source Files</Filter>
    </ClCompile>
    <ClCompile Include="..\src\movepicker.cpp">
      <Filter>Source Files</Filter>
    </ClCompile>
    <ClCompile Include="..\src\psqt.cpp">
      <Filter>Source Files</Filter>
    </ClCompile>
    <ClCompile Include="..\src\search.cpp">
      <Filter>Source Files</Filter>
    </ClCompile>
    <ClCompile Include="..\src\tests.cpp">
      <Filter>Source Files</Filter>
    </ClCompile>
    <ClCompile Include="..\src\threads.cpp">
      <Filter>Source Files</Filter>
    </ClCompile>
    <ClCompile Include="..\src\time.cpp">
      <Filter>Source Files</Filter>
    </ClCompile>
    <ClCompile Include="..\src\transposition.cpp">
      <Filter>Source Files</Filter>
    </ClCompile>
    <ClCompile Include="..\src\uci.cpp">
      <Filter>Source Files</Filter>
    </ClCompile>
    <ClCompile Include="..\src\noobprobe\noobprobe.cpp">
      <Filter>Source Files\Noob</Filter>
    </ClCompile>
    <ClCompile Include="..\src\pyrrhic\tbprobe.cpp">
      <Filter>Source Files\Pyrrhic</Filter>
    </ClCompile>
    <ClCompile Include="..\src\query\query.cpp">
      <Filter>Source Files\Query</Filter>
    </ClCompile>
    <ClCompile Include="..\src\onlinesyzygy\onlinesyzygy.cpp">
      <Filter>Source Files\Syzygy</Filter>
    </ClCompile>
  </ItemGroup>
  <ItemGroup>
    <ClInclude Include="..\src\bitboard.h">
      <Filter>Header Files</Filter>
    </ClInclude>
    <ClInclude Include="..\src\board.h">
      <Filter>Header Files</Filter>
    </ClInclude>
    <ClInclude Include="..\src\endgame.h">
      <Filter>Header Files</Filter>
    </ClInclude>
    <ClInclude Include="..\src\evaluate.h">
      <Filter>Header Files</Filter>
    </ClInclude>
    <ClInclude Include="..\src\history.h">
      <Filter>Header Files</Filter>
    </ClInclude>
    <ClInclude Include="..\src\makemove.h">
      <Filter>Header Files</Filter>
    </ClInclude>
    <ClInclude Include="..\src\move.h">
      <Filter>Header Files</Filter>
    </ClInclude>
    <ClInclude Include="..\src\movegen.h">
      <Filter>Header Files</Filter>
    </ClInclude>
    <ClInclude Include="..\src\movepicker.h">
      <Filter>Header Files</Filter>
    </ClInclude>
    <ClInclude Include="..\src\psqt.h">
      <Filter>Header Files</Filter>
    </ClInclude>
    <ClInclude Include="..\src\search.h">
      <Filter>Header Files</Filter>
    </ClInclude>
    <ClInclude Include="..\src\syzygy.h">
      <Filter>Header Files</Filter>
    </ClInclude>
    <ClInclude Include="..\src\tests.h">
      <Filter>Header Files</Filter>
    </ClInclude>
    <ClInclude Include="..\src\threads.h">
      <Filter>Header Files</Filter>
    </ClInclude>
    <ClInclude Include="..\src\time.h">
      <Filter>Header Files</Filter>
    </ClInclude>
    <ClInclude Include="..\src\transposition.h">
      <Filter>Header Files</Filter>
    </ClInclude>
    <ClInclude Include="..\src\types.h">
      <Filter>Header Files</Filter>
    </ClInclude>
    <ClInclude Include="..\src\uci.h">
      <Filter>Header Files</Filter>
    </ClInclude>
    <ClInclude Include="..\src\noobprobe\noobprobe.h">
      <Filter>Header Files</Filter>
    </ClInclude>
    <ClInclude Include="..\src\onlinesyzygy\onlinesyzygy.h">
      <Filter>Header Files</Filter>
    </ClInclude>
    <ClInclude Include="..\src\pyrrhic\stdendian.h">
      <Filter>Header Files</Filter>
    </ClInclude>
    <ClInclude Include="..\src\pyrrhic\tbconfig.h">
      <Filter>Header Files</Filter>
    </ClInclude>
    <ClInclude Include="..\src\pyrrhic\tbprobe.h">
      <Filter>Header Files</Filter>
    </ClInclude>
    <ClInclude Include="..\src\query\query.h">
      <Filter>Header Files</Filter>
    </ClInclude>
    <ClInclude Include="..\src\tuner\tuner.h">
      <Filter>Header Files</Filter>
    </ClInclude>
  </ItemGroup>
</Project>